
Microsoft Visual Studio Solution File, Format Version 12.00
# Visual Studio Version 16
VisualStudioVersion = 16.0.29025.244
MinimumVisualStudioVersion = 10.0.40219.1
Project("{FAE04EC0-301F-11D3-BF4B-00C04F79EFBC}") = "BMICalculatorApp", "BMICalculatorApp\BMICalculatorApp.csproj", "{C8CCBA13-1812-4666-9021-3147AB9F7EF1}"
EndProject
Global
	GlobalSection(SolutionConfigurationPlatforms) = preSolution
		Debug|Any CPU = Debug|Any CPU
		Release|Any CPU = Release|Any CPU
	EndGlobalSection
	GlobalSection(ProjectConfigurationPlatforms) = postSolution
		{C8CCBA13-1812-4666-9021-3147AB9F7EF1}.Debug|Any CPU.ActiveCfg = Debug|Any CPU
		{C8CCBA13-1812-4666-9021-3147AB9F7EF1}.Debug|Any CPU.Build.0 = Debug|Any CPU
		{C8CCBA13-1812-4666-9021-3147AB9F7EF1}.Release|Any CPU.ActiveCfg = Release|Any CPU
		{C8CCBA13-1812-4666-9021-3147AB9F7EF1}.Release|Any CPU.Build.0 = Release|Any CPU
	EndGlobalSection
	GlobalSection(SolutionProperties) = preSolution
		HideSolutionNode = FALSE
	EndGlobalSection
	GlobalSection(ExtensibilityGlobals) = postSolution
		SolutionGuid = {6DED67D2-3B05-4FBD-A7FC-65C789CD56F7}
	EndGlobalSection
EndGlobal
